Microsoft Visual Studio Solution File, Format Version 11.00
# Visual Studio 2010
Project("{8BC9CEB8-8B4A-11D0-8D11-00A0C91BC942}") = "agoraAI", "C:/Prog/bab_code_2010/qprog/libs/qglviewer/libQGLViewer-2.3.5/examples/contribs/agora/AI\agoraAI.vcxproj", "{59811EE6-D1E5-3007-BFAB-86998823E89C}"
EndProject
Project("{8BC9CEB8-8B4A-11D0-8D11-00A0C91BC942}") = "agora", "C:/Prog/bab_code_2010/qprog/libs/qglviewer/libQGLViewer-2.3.5/examples/contribs/agora/Viewer\agora.vcxproj", "{2CA0B02A-9580-3C4D-9998-761A600D0E89}"
EndProject
Global
	GlobalSection(SolutionConfiguration) = preSolution
		ConfigName.0 = Debug|Win32
		ConfigName.1 = Release|Win32
	EndGlobalSection
	GlobalSection(ProjectDependencies) = postSolution
	EndGlobalSection
	GlobalSection(ProjectConfiguration) = postSolution
		{59811EE6-D1E5-3007-BFAB-86998823E89C}.Debug|Win32.ActiveCfg = Debug|Win32
		{59811EE6-D1E5-3007-BFAB-86998823E89C}.Debug|Win32.Build.0 = Debug|Win32
		{59811EE6-D1E5-3007-BFAB-86998823E89C}.Release|Win32.ActiveCfg = Release|Win32
		{59811EE6-D1E5-3007-BFAB-86998823E89C}.Release|Win32.Build.0 = Release|Win32
		{2CA0B02A-9580-3C4D-9998-761A600D0E89}.Debug|Win32.ActiveCfg = Debug|Win32
		{2CA0B02A-9580-3C4D-9998-761A600D0E89}.Debug|Win32.Build.0 = Debug|Win32
		{2CA0B02A-9580-3C4D-9998-761A600D0E89}.Release|Win32.ActiveCfg = Release|Win32
		{2CA0B02A-9580-3C4D-9998-761A600D0E89}.Release|Win32.Build.0 = Release|Win32
	EndGlobalSection
	GlobalSection(ExtensibilityGlobals) = postSolution
	EndGlobalSection
	GlobalSection(ExtensibilityAddIns) = postSolution
	EndGlobalSection
EndGlobal