Microsoft Visual Studio Solution File, Format Version 11.00
# Visual Studio 2010
Project("{8BC9CEB8-8B4A-11D0-8D11-00A0C91BC942}") = "animation", "C:/Prog/bab_code_2010/qprog/libs/qglviewer/libQGLViewer-2.3.5/examples/animation\animation.vcxproj", "{0061BECC-B838-32F0-90B5-43BE844437EA}"
EndProject
Project("{8BC9CEB8-8B4A-11D0-8D11-00A0C91BC942}") = "callback", "C:/Prog/bab_code_2010/qprog/libs/qglviewer/libQGLViewer-2.3.5/examples/callback\callback.vcxproj", "{918CC189-D3B4-3CED-AF71-4544FA693468}"
EndProject
Project("{8BC9CEB8-8B4A-11D0-8D11-00A0C91BC942}") = "cameraLight", "C:/Prog/bab_code_2010/qprog/libs/qglviewer/libQGLViewer-2.3.5/examples/cameraLight\cameraLight.vcxproj", "{2BAF9E2D-6E52-3386-8820-EA3B0D9BD98E}"
EndProject
Project("{8BC9CEB8-8B4A-11D0-8D11-00A0C91BC942}") = "clippingPlane", "C:/Prog/bab_code_2010/qprog/libs/qglviewer/libQGLViewer-2.3.5/examples/clippingPlane\clippingPlane.vcxproj", "{4CC869E2-BB13-3C41-AA54-9BB013F5B55B}"
EndProject
Project("{8BC9CEB8-8B4A-11D0-8D11-00A0C91BC942}") = "constrainedCamera", "C:/Prog/bab_code_2010/qprog/libs/qglviewer/libQGLViewer-2.3.5/examples/constrainedCamera\constrainedCamera.vcxproj", "{A9BE2213-8B32-3C0D-97B7-D4865D87A397}"
EndProject
Project("{8BC9CEB8-8B4A-11D0-8D11-00A0C91BC942}") = "constrainedFrame", "C:/Prog/bab_code_2010/qprog/libs/qglviewer/libQGLViewer-2.3.5/examples/constrainedFrame\constrainedFrame.vcxproj", "{0192AE81-3E1B-380D-B5D9-D40F87297B39}"
EndProject
Project("{8BC9CEB8-8B4A-11D0-8D11-00A0C91BC942}") = "drawLight", "C:/Prog/bab_code_2010/qprog/libs/qglviewer/libQGLViewer-2.3.5/examples/drawLight\drawLight.vcxproj", "{B8835F09-0954-3348-B6CD-7726D6EE0F97}"
EndProject
Project("{8BC9CEB8-8B4A-11D0-8D11-00A0C91BC942}") = "fastDraw", "C:/Prog/bab_code_2010/qprog/libs/qglviewer/libQGLViewer-2.3.5/examples/fastDraw\fastDraw.vcxproj", "{CCE5A870-02DB-33A1-9833-35DAB91955D4}"
EndProject
Project("{8BC9CEB8-8B4A-11D0-8D11-00A0C91BC942}") = "frameTransform", "C:/Prog/bab_code_2010/qprog/libs/qglviewer/libQGLViewer-2.3.5/examples/frameTransform\frameTransform.vcxproj", "{486EB0AD-4DF2-3D60-8B7B-1825EFC56E78}"
EndProject
Project("{8BC9CEB8-8B4A-11D0-8D11-00A0C91BC942}") = "frustumCulling", "C:/Prog/bab_code_2010/qprog/libs/qglviewer/libQGLViewer-2.3.5/examples/frustumCulling\frustumCulling.vcxproj", "{B6E45816-B366-3701-A9EB-17AFDF051E2D}"
EndProject
Project("{8BC9CEB8-8B4A-11D0-8D11-00A0C91BC942}") = "interface", "C:/Prog/bab_code_2010/qprog/libs/qglviewer/libQGLViewer-2.3.5/examples/interface\interface.vcxproj", "{DDF76787-8D64-32A2-9BF8-CAE911B89C48}"
EndProject
Project("{8BC9CEB8-8B4A-11D0-8D11-00A0C91BC942}") = "keyboardAndMouse", "C:/Prog/bab_code_2010/qprog/libs/qglviewer/libQGLViewer-2.3.5/examples/keyboardAndMouse\keyboardAndMouse.vcxproj", "{E3515028-2323-37FE-9D08-BAFD3BE835F0}"
EndProject
Project("{8BC9CEB8-8B4A-11D0-8D11-00A0C91BC942}") = "keyFrames", "C:/Prog/bab_code_2010/qprog/libs/qglviewer/libQGLViewer-2.3.5/examples/keyFrames\keyFrames.vcxproj", "{10479535-32C0-3E54-91BE-181B511CFCAA}"
EndProject
Project("{8BC9CEB8-8B4A-11D0-8D11-00A0C91BC942}") = "luxo", "C:/Prog/bab_code_2010/qprog/libs/qglviewer/libQGLViewer-2.3.5/examples/luxo\luxo.vcxproj", "{2E5DB077-BF85-3E26-AE5B-17B270234AEE}"
EndProject
Project("{8BC9CEB8-8B4A-11D0-8D11-00A0C91BC942}") = "manipulatedFrame", "C:/Prog/bab_code_2010/qprog/libs/qglviewer/libQGLViewer-2.3.5/examples/manipulatedFrame\manipulatedFrame.vcxproj", "{6941F974-7022-3201-83C6-16FBA6B8D5EE}"
EndProject
Project("{8BC9CEB8-8B4A-11D0-8D11-00A0C91BC942}") = "mouseGrabber", "C:/Prog/bab_code_2010/qprog/libs/qglviewer/libQGLViewer-2.3.5/examples/mouseGrabber\mouseGrabber.vcxproj", "{C04CCCDC-0DBC-35FF-9D89-A2D36CD7EB7D}"
EndProject
Project("{8BC9CEB8-8B4A-11D0-8D11-00A0C91BC942}") = "multiSelect", "C:/Prog/bab_code_2010/qprog/libs/qglviewer/libQGLViewer-2.3.5/examples/multiSelect\multiSelect.vcxproj", "{A18A12ED-25BC-330C-B5F7-8BC8067DFE3C}"
EndProject
Project("{8BC9CEB8-8B4A-11D0-8D11-00A0C91BC942}") = "multiView", "C:/Prog/bab_code_2010/qprog/libs/qglviewer/libQGLViewer-2.3.5/examples/multiView\multiView.vcxproj", "{983D5D9C-6939-3FAA-A898-827D41013E1F}"
EndProject
Project("{8BC9CEB8-8B4A-11D0-8D11-00A0C91BC942}") = "overpainting", "C:/Prog/bab_code_2010/qprog/libs/qglviewer/libQGLViewer-2.3.5/examples/overpainting\overpainting.vcxproj", "{B815CDF8-FFE4-3EE8-BA74-5F0F23AABA9A}"
EndProject
Project("{8BC9CEB8-8B4A-11D0-8D11-00A0C91BC942}") = "screenCoordSystem", "C:/Prog/bab_code_2010/qprog/libs/qglviewer/libQGLViewer-2.3.5/examples/screenCoordSystem\screenCoordSystem.vcxproj", "{BEE2B388-906C-3EEE-B345-8EAC815E0922}"
EndProject
Project("{8BC9CEB8-8B4A-11D0-8D11-00A0C91BC942}") = "select", "C:/Prog/bab_code_2010/qprog/libs/qglviewer/libQGLViewer-2.3.5/examples/select\select.vcxproj", "{F2449B7D-4F40-3BE6-A469-BD830CFCD661}"
EndProject
Project("{8BC9CEB8-8B4A-11D0-8D11-00A0C91BC942}") = "simpleViewer", "C:/Prog/bab_code_2010/qprog/libs/qglviewer/libQGLViewer-2.3.5/examples/simpleViewer\simpleViewer.vcxproj", "{52D821C6-FE20-32D3-BE70-7B4D21ABF63F}"
EndProject
Project("{8BC9CEB8-8B4A-11D0-8D11-00A0C91BC942}") = "standardCamera", "C:/Prog/bab_code_2010/qprog/libs/qglviewer/libQGLViewer-2.3.5/examples/standardCamera\standardCamera.vcxproj", "{5E41152F-96B4-318F-8647-AD6C036B8C77}"
EndProject
Project("{8BC9CEB8-8B4A-11D0-8D11-00A0C91BC942}") = "stereoViewer", "C:/Prog/bab_code_2010/qprog/libs/qglviewer/libQGLViewer-2.3.5/examples/stereoViewer\stereoViewer.vcxproj", "{87B36074-8237-32C4-9911-AB264BC35266}"
EndProject
Global
	GlobalSection(SolutionConfiguration) = preSolution
		ConfigName.0 = Debug|Win32
		ConfigName.1 = Release|Win32
	EndGlobalSection
	GlobalSection(ProjectDependencies) = postSolution
	EndGlobalSection
	GlobalSection(ProjectConfiguration) = postSolution
		{0061BECC-B838-32F0-90B5-43BE844437EA}.Debug|Win32.ActiveCfg = Debug|Win32
		{0061BECC-B838-32F0-90B5-43BE844437EA}.Debug|Win32.Build.0 = Debug|Win32
		{0061BECC-B838-32F0-90B5-43BE844437EA}.Release|Win32.ActiveCfg = Release|Win32
		{0061BECC-B838-32F0-90B5-43BE844437EA}.Release|Win32.Build.0 = Release|Win32
		{918CC189-D3B4-3CED-AF71-4544FA693468}.Debug|Win32.ActiveCfg = Debug|Win32
		{918CC189-D3B4-3CED-AF71-4544FA693468}.Debug|Win32.Build.0 = Debug|Win32
		{918CC189-D3B4-3CED-AF71-4544FA693468}.Release|Win32.ActiveCfg = Release|Win32
		{918CC189-D3B4-3CED-AF71-4544FA693468}.Release|Win32.Build.0 = Release|Win32
		{2BAF9E2D-6E52-3386-8820-EA3B0D9BD98E}.Debug|Win32.ActiveCfg = Debug|Win32
		{2BAF9E2D-6E52-3386-8820-EA3B0D9BD98E}.Debug|Win32.Build.0 = Debug|Win32
		{2BAF9E2D-6E52-3386-8820-EA3B0D9BD98E}.Release|Win32.ActiveCfg = Release|Win32
		{2BAF9E2D-6E52-3386-8820-EA3B0D9BD98E}.Release|Win32.Build.0 = Release|Win32
		{4CC869E2-BB13-3C41-AA54-9BB013F5B55B}.Debug|Win32.ActiveCfg = Debug|Win32
		{4CC869E2-BB13-3C41-AA54-9BB013F5B55B}.Debug|Win32.Build.0 = Debug|Win32
		{4CC869E2-BB13-3C41-AA54-9BB013F5B55B}.Release|Win32.ActiveCfg = Release|Win32
		{4CC869E2-BB13-3C41-AA54-9BB013F5B55B}.Release|Win32.Build.0 = Release|Win32
		{A9BE2213-8B32-3C0D-97B7-D4865D87A397}.Debug|Win32.ActiveCfg = Debug|Win32
		{A9BE2213-8B32-3C0D-97B7-D4865D87A397}.Debug|Win32.Build.0 = Debug|Win32
		{A9BE2213-8B32-3C0D-97B7-D4865D87A397}.Release|Win32.ActiveCfg = Release|Win32
		{A9BE2213-8B32-3C0D-97B7-D4865D87A397}.Release|Win32.Build.0 = Release|Win32
		{0192AE81-3E1B-380D-B5D9-D40F87297B39}.Debug|Win32.ActiveCfg = Debug|Win32
		{0192AE81-3E1B-380D-B5D9-D40F87297B39}.Debug|Win32.Build.0 = Debug|Win32
		{0192AE81-3E1B-380D-B5D9-D40F87297B39}.Release|Win32.ActiveCfg = Release|Win32
		{0192AE81-3E1B-380D-B5D9-D40F87297B39}.Release|Win32.Build.0 = Release|Win32
		{B8835F09-0954-3348-B6CD-7726D6EE0F97}.Debug|Win32.ActiveCfg = Debug|Win32
		{B8835F09-0954-3348-B6CD-7726D6EE0F97}.Debug|Win32.Build.0 = Debug|Win32
		{B8835F09-0954-3348-B6CD-7726D6EE0F97}.Release|Win32.ActiveCfg = Release|Win32
		{B8835F09-0954-3348-B6CD-7726D6EE0F97}.Release|Win32.Build.0 = Release|Win32
		{CCE5A870-02DB-33A1-9833-35DAB91955D4}.Debug|Win32.ActiveCfg = Debug|Win32
		{CCE5A870-02DB-33A1-9833-35DAB91955D4}.Debug|Win32.Build.0 = Debug|Win32
		{CCE5A870-02DB-33A1-9833-35DAB91955D4}.Release|Win32.ActiveCfg = Release|Win32
		{CCE5A870-02DB-33A1-9833-35DAB91955D4}.Release|Win32.Build.0 = Release|Win32
		{486EB0AD-4DF2-3D60-8B7B-1825EFC56E78}.Debug|Win32.ActiveCfg = Debug|Win32
		{486EB0AD-4DF2-3D60-8B7B-1825EFC56E78}.Debug|Win32.Build.0 = Debug|Win32
		{486EB0AD-4DF2-3D60-8B7B-1825EFC56E78}.Release|Win32.ActiveCfg = Release|Win32
		{486EB0AD-4DF2-3D60-8B7B-1825EFC56E78}.Release|Win32.Build.0 = Release|Win32
		{B6E45816-B366-3701-A9EB-17AFDF051E2D}.Debug|Win32.ActiveCfg = Debug|Win32
		{B6E45816-B366-3701-A9EB-17AFDF051E2D}.Debug|Win32.Build.0 = Debug|Win32
		{B6E45816-B366-3701-A9EB-17AFDF051E2D}.Release|Win32.ActiveCfg = Release|Win32
		{B6E45816-B366-3701-A9EB-17AFDF051E2D}.Release|Win32.Build.0 = Release|Win32
		{DDF76787-8D64-32A2-9BF8-CAE911B89C48}.Debug|Win32.ActiveCfg = Debug|Win32
		{DDF76787-8D64-32A2-9BF8-CAE911B89C48}.Debug|Win32.Build.0 = Debug|Win32
		{DDF76787-8D64-32A2-9BF8-CAE911B89C48}.Release|Win32.ActiveCfg = Release|Win32
		{DDF76787-8D64-32A2-9BF8-CAE911B89C48}.Release|Win32.Build.0 = Release|Win32
		{E3515028-2323-37FE-9D08-BAFD3BE835F0}.Debug|Win32.ActiveCfg = Debug|Win32
		{E3515028-2323-37FE-9D08-BAFD3BE835F0}.Debug|Win32.Build.0 = Debug|Win32
		{E3515028-2323-37FE-9D08-BAFD3BE835F0}.Release|Win32.ActiveCfg = Release|Win32
		{E3515028-2323-37FE-9D08-BAFD3BE835F0}.Release|Win32.Build.0 = Release|Win32
		{10479535-32C0-3E54-91BE-181B511CFCAA}.Debug|Win32.ActiveCfg = Debug|Win32
		{10479535-32C0-3E54-91BE-181B511CFCAA}.Debug|Win32.Build.0 = Debug|Win32
		{10479535-32C0-3E54-91BE-181B511CFCAA}.Release|Win32.ActiveCfg = Release|Win32
		{10479535-32C0-3E54-91BE-181B511CFCAA}.Release|Win32.Build.0 = Release|Win32
		{2E5DB077-BF85-3E26-AE5B-17B270234AEE}.Debug|Win32.ActiveCfg = Debug|Win32
		{2E5DB077-BF85-3E26-AE5B-17B270234AEE}.Debug|Win32.Build.0 = Debug|Win32
		{2E5DB077-BF85-3E26-AE5B-17B270234AEE}.Release|Win32.ActiveCfg = Release|Win32
		{2E5DB077-BF85-3E26-AE5B-17B270234AEE}.Release|Win32.Build.0 = Release|Win32
		{6941F974-7022-3201-83C6-16FBA6B8D5EE}.Debug|Win32.ActiveCfg = Debug|Win32
		{6941F974-7022-3201-83C6-16FBA6B8D5EE}.Debug|Win32.Build.0 = Debug|Win32
		{6941F974-7022-3201-83C6-16FBA6B8D5EE}.Release|Win32.ActiveCfg = Release|Win32
		{6941F974-7022-3201-83C6-16FBA6B8D5EE}.Release|Win32.Build.0 = Release|Win32
		{C04CCCDC-0DBC-35FF-9D89-A2D36CD7EB7D}.Debug|Win32.ActiveCfg = Debug|Win32
		{C04CCCDC-0DBC-35FF-9D89-A2D36CD7EB7D}.Debug|Win32.Build.0 = Debug|Win32
		{C04CCCDC-0DBC-35FF-9D89-A2D36CD7EB7D}.Release|Win32.ActiveCfg = Release|Win32
		{C04CCCDC-0DBC-35FF-9D89-A2D36CD7EB7D}.Release|Win32.Build.0 = Release|Win32
		{A18A12ED-25BC-330C-B5F7-8BC8067DFE3C}.Debug|Win32.ActiveCfg = Debug|Win32
		{A18A12ED-25BC-330C-B5F7-8BC8067DFE3C}.Debug|Win32.Build.0 = Debug|Win32
		{A18A12ED-25BC-330C-B5F7-8BC8067DFE3C}.Release|Win32.ActiveCfg = Release|Win32
		{A18A12ED-25BC-330C-B5F7-8BC8067DFE3C}.Release|Win32.Build.0 = Release|Win32
		{983D5D9C-6939-3FAA-A898-827D41013E1F}.Debug|Win32.ActiveCfg = Debug|Win32
		{983D5D9C-6939-3FAA-A898-827D41013E1F}.Debug|Win32.Build.0 = Debug|Win32
		{983D5D9C-6939-3FAA-A898-827D41013E1F}.Release|Win32.ActiveCfg = Release|Win32
		{983D5D9C-6939-3FAA-A898-827D41013E1F}.Release|Win32.Build.0 = Release|Win32
		{B815CDF8-FFE4-3EE8-BA74-5F0F23AABA9A}.Debug|Win32.ActiveCfg = Debug|Win32
		{B815CDF8-FFE4-3EE8-BA74-5F0F23AABA9A}.Debug|Win32.Build.0 = Debug|Win32
		{B815CDF8-FFE4-3EE8-BA74-5F0F23AABA9A}.Release|Win32.ActiveCfg = Release|Win32
		{B815CDF8-FFE4-3EE8-BA74-5F0F23AABA9A}.Release|Win32.Build.0 = Release|Win32
		{BEE2B388-906C-3EEE-B345-8EAC815E0922}.Debug|Win32.ActiveCfg = Debug|Win32
		{BEE2B388-906C-3EEE-B345-8EAC815E0922}.Debug|Win32.Build.0 = Debug|Win32
		{BEE2B388-906C-3EEE-B345-8EAC815E0922}.Release|Win32.ActiveCfg = Release|Win32
		{BEE2B388-906C-3EEE-B345-8EAC815E0922}.Release|Win32.Build.0 = Release|Win32
		{F2449B7D-4F40-3BE6-A469-BD830CFCD661}.Debug|Win32.ActiveCfg = Debug|Win32
		{F2449B7D-4F40-3BE6-A469-BD830CFCD661}.Debug|Win32.Build.0 = Debug|Win32
		{F2449B7D-4F40-3BE6-A469-BD830CFCD661}.Release|Win32.ActiveCfg = Release|Win32
		{F2449B7D-4F40-3BE6-A469-BD830CFCD661}.Release|Win32.Build.0 = Release|Win32
		{52D821C6-FE20-32D3-BE70-7B4D21ABF63F}.Debug|Win32.ActiveCfg = Debug|Win32
		{52D821C6-FE20-32D3-BE70-7B4D21ABF63F}.Debug|Win32.Build.0 = Debug|Win32
		{52D821C6-FE20-32D3-BE70-7B4D21ABF63F}.Release|Win32.ActiveCfg = Release|Win32
		{52D821C6-FE20-32D3-BE70-7B4D21ABF63F}.Release|Win32.Build.0 = Release|Win32
		{5E41152F-96B4-318F-8647-AD6C036B8C77}.Debug|Win32.ActiveCfg = Debug|Win32
		{5E41152F-96B4-318F-8647-AD6C036B8C77}.Debug|Win32.Build.0 = Debug|Win32
		{5E41152F-96B4-318F-8647-AD6C036B8C77}.Release|Win32.ActiveCfg = Release|Win32
		{5E41152F-96B4-318F-8647-AD6C036B8C77}.Release|Win32.Build.0 = Release|Win32
		{87B36074-8237-32C4-9911-AB264BC35266}.Debug|Win32.ActiveCfg = Debug|Win32
		{87B36074-8237-32C4-9911-AB264BC35266}.Debug|Win32.Build.0 = Debug|Win32
		{87B36074-8237-32C4-9911-AB264BC35266}.Release|Win32.ActiveCfg = Release|Win32
		{87B36074-8237-32C4-9911-AB264BC35266}.Release|Win32.Build.0 = Release|Win32
	EndGlobalSection
	GlobalSection(ExtensibilityGlobals) = postSolution
	EndGlobalSection
	GlobalSection(ExtensibilityAddIns) = postSolution
	EndGlobalSection
EndGlobal