<?xml version="1.0" encoding="utf-8"?>
<Project ToolsVersion="4.0" xmlns="http://schemas.microsoft.com/developer/msbuild/2003">
  <ItemGroup>
    <Filter Include="Header Files">
      <UniqueIdentifier>{93995380-89BD-4b04-88EB-625FBE52EBFB}</UniqueIdentifier>
      <Extensions>h;hpp;hxx;hm;inl;inc;xsd</Extensions>
    </Filter>
    <Filter Include="Source Files">
      <UniqueIdentifier>{4FC737F1-C7A5-4376-A066-2A32D752A2FF}</UniqueIdentifier>
      <Extensions>cpp;c;cxx;def;odl;idl;hpj;bat;asm;asmx</Extensions>
    </Filter>
  </ItemGroup>
  <ItemGroup>
    <ClCompile Include="sources\example.c">
      <Filter>Source Files</Filter>
    </ClCompile>
    <ClCompile Include="sources\png.c">
      <Filter>Source Files</Filter>
    </ClCompile>
    <ClCompile Include="sources\pngerror.c">
      <Filter>Source Files</Filter>
    </ClCompile>
    <ClCompile Include="sources\pnggccrd.c">
      <Filter>Source Files</Filter>
    </ClCompile>
    <ClCompile Include="sources\pngget.c">
      <Filter>Source Files</Filter>
    </ClCompile>
    <ClCompile Include="sources\pngmem.c">
      <Filter>Source Files</Filter>
    </ClCompile>
    <ClCompile Include="sources\pngpread.c">
      <Filter>Source Files</Filter>
    </ClCompile>
    <ClCompile Include="sources\pngread.c">
      <Filter>Source Files</Filter>
    </ClCompile>
    <ClCompile Include="sources\pngrio.c">
      <Filter>Source Files</Filter>
    </ClCompile>
    <ClCompile Include="sources\pngrtran.c">
      <Filter>Source Files</Filter>
    </ClCompile>
    <ClCompile Include="sources\pngrutil.c">
      <Filter>Source Files</Filter>
    </ClCompile>
    <ClCompile Include="sources\pngset.c">
      <Filter>Source Files</Filter>
    </ClCompile>
    <ClCompile Include="sources\pngtest.c">
      <Filter>Source Files</Filter>
    </ClCompile>
    <ClCompile Include="sources\pngtrans.c">
      <Filter>Source Files</Filter>
    </ClCompile>
    <ClCompile Include="sources\pngvcrd.c">
      <Filter>Source Files</Filter>
    </ClCompile>
    <ClCompile Include="sources\pngwio.c">
      <Filter>Source Files</Filter>
    </ClCompile>
    <ClCompile Include="sources\pngwrite.c">
      <Filter>Source Files</Filter>
    </ClCompile>
    <ClCompile Include="sources\pngwtran.c">
      <Filter>Source Files</Filter>
    </ClCompile>
    <ClCompile Include="sources\pngwutil.c">
      <Filter>Source Files</Filter>
    </ClCompile>
  </ItemGroup>
  <ItemGroup>
    <ClInclude Include="sources\png.h">
      <Filter>Header Files</Filter>
    </ClInclude>
    <ClInclude Include="sources\pngconf.h">
      <Filter>Header Files</Filter>
    </ClInclude>
  </ItemGroup>
</Project>