<?xml version="1.0" encoding="utf-8"?>
<Project ToolsVersion="4.0" xmlns="http://schemas.microsoft.com/developer/msbuild/2003">
  <ItemGroup>
    <Filter Include="Header Files">
      <UniqueIdentifier>{93995380-89BD-4b04-88EB-625FBE52EBFB}</UniqueIdentifier>
      <Extensions>h;hpp;hxx;hm;inl;inc;xsd</Extensions>
    </Filter>
    <Filter Include="Source Files">
      <UniqueIdentifier>{4FC737F1-C7A5-4376-A066-2A32D752A2FF}</UniqueIdentifier>
      <Extensions>cpp;c;cxx;def;odl;idl;hpj;bat;asm;asmx</Extensions>
    </Filter>
  </ItemGroup>
  <ItemGroup>
    <ClCompile Include="src\scene3d\obj\LoaderOBJ.cpp">
      <Filter>Source Files</Filter>
    </ClCompile>
    <ClCompile Include="src\scene3d\off\LoaderOFF.cpp">
      <Filter>Source Files</Filter>
    </ClCompile>
    <ClCompile Include="src\scene3d\ply\LoaderPLY.cpp">
      <Filter>Source Files</Filter>
    </ClCompile>
    <ClCompile Include="src\scene3d\Scene3D.cpp">
      <Filter>Source Files</Filter>
    </ClCompile>
    <ClCompile Include="src\scene3d\3ds\Scene3DS.cpp">
      <Filter>Source Files</Filter>
    </ClCompile>
    <ClCompile Include="src\scene3d\TriMesh.cpp">
      <Filter>Source Files</Filter>
    </ClCompile>
    <ClCompile Include="src\scene3d\TriSoup.cpp">
      <Filter>Source Files</Filter>
    </ClCompile>
    <ClCompile Include="src\scene3d\TriSoupRenderer.cpp">
      <Filter>Source Files</Filter>
    </ClCompile>
    <ClCompile Include="src\scene3d\ply\ply.c">
      <Filter>Source Files</Filter>
    </ClCompile>
  </ItemGroup>
  <ItemGroup>
    <ClInclude Include="src\scene3d\AABox.h">
      <Filter>Header Files</Filter>
    </ClInclude>
    <ClInclude Include="src\scene3d\obj\LoaderOBJ.h">
      <Filter>Header Files</Filter>
    </ClInclude>
    <ClInclude Include="src\scene3d\off\LoaderOFF.h">
      <Filter>Header Files</Filter>
    </ClInclude>
    <ClInclude Include="src\scene3d\ply\LoaderPLY.h">
      <Filter>Header Files</Filter>
    </ClInclude>
    <ClInclude Include="src\scene3d\Scene3D.h">
      <Filter>Header Files</Filter>
    </ClInclude>
    <ClInclude Include="src\scene3d\3ds\Scene3DS.h">
      <Filter>Header Files</Filter>
    </ClInclude>
    <ClInclude Include="src\scene3d\Tri.h">
      <Filter>Header Files</Filter>
    </ClInclude>
    <ClInclude Include="src\scene3d\TriMesh.h">
      <Filter>Header Files</Filter>
    </ClInclude>
    <ClInclude Include="src\scene3d\TriSoup.h">
      <Filter>Header Files</Filter>
    </ClInclude>
    <ClInclude Include="src\scene3d\TriSoupRenderer.h">
      <Filter>Header Files</Filter>
    </ClInclude>
    <ClInclude Include="src\scene3d\ply\ply.h">
      <Filter>Header Files</Filter>
    </ClInclude>
  </ItemGroup>
</Project>