<?xml version="1.0" encoding="utf-8"?>
<Project ToolsVersion="4.0" xmlns="http://schemas.microsoft.com/developer/msbuild/2003">
  <ItemGroup>
    <Filter Include="Header Files">
      <UniqueIdentifier>{93995380-89BD-4b04-88EB-625FBE52EBFB}</UniqueIdentifier>
      <Extensions>h;hpp;hxx;hm;inl;inc;xsd</Extensions>
    </Filter>
    <Filter Include="Source Files">
      <UniqueIdentifier>{4FC737F1-C7A5-4376-A066-2A32D752A2FF}</UniqueIdentifier>
      <Extensions>cpp;c;cxx;def;odl;idl;hpj;bat;asm;asmx</Extensions>
    </Filter>
  </ItemGroup>
  <ItemGroup>
    <ClCompile Include="sources\adler32.c">
      <Filter>Source Files</Filter>
    </ClCompile>
    <ClCompile Include="sources\compress.c">
      <Filter>Source Files</Filter>
    </ClCompile>
    <ClCompile Include="sources\crc32.c">
      <Filter>Source Files</Filter>
    </ClCompile>
    <ClCompile Include="sources\deflate.c">
      <Filter>Source Files</Filter>
    </ClCompile>
    <ClCompile Include="sources\example.c">
      <Filter>Source Files</Filter>
    </ClCompile>
    <ClCompile Include="sources\gzio.c">
      <Filter>Source Files</Filter>
    </ClCompile>
    <ClCompile Include="sources\infback.c">
      <Filter>Source Files</Filter>
    </ClCompile>
    <ClCompile Include="sources\inffast.c">
      <Filter>Source Files</Filter>
    </ClCompile>
    <ClCompile Include="sources\inflate.c">
      <Filter>Source Files</Filter>
    </ClCompile>
    <ClCompile Include="sources\inftrees.c">
      <Filter>Source Files</Filter>
    </ClCompile>
    <ClCompile Include="sources\minigzip.c">
      <Filter>Source Files</Filter>
    </ClCompile>
    <ClCompile Include="sources\trees.c">
      <Filter>Source Files</Filter>
    </ClCompile>
    <ClCompile Include="sources\uncompr.c">
      <Filter>Source Files</Filter>
    </ClCompile>
    <ClCompile Include="sources\zutil.c">
      <Filter>Source Files</Filter>
    </ClCompile>
  </ItemGroup>
  <ItemGroup>
    <ClInclude Include="sources\crc32.h">
      <Filter>Header Files</Filter>
    </ClInclude>
    <ClInclude Include="sources\deflate.h">
      <Filter>Header Files</Filter>
    </ClInclude>
    <ClInclude Include="sources\inffast.h">
      <Filter>Header Files</Filter>
    </ClInclude>
    <ClInclude Include="sources\inffixed.h">
      <Filter>Header Files</Filter>
    </ClInclude>
    <ClInclude Include="sources\inflate.h">
      <Filter>Header Files</Filter>
    </ClInclude>
    <ClInclude Include="sources\inftrees.h">
      <Filter>Header Files</Filter>
    </ClInclude>
    <ClInclude Include="sources\trees.h">
      <Filter>Header Files</Filter>
    </ClInclude>
    <ClInclude Include="sources\zconf.h">
      <Filter>Header Files</Filter>
    </ClInclude>
    <ClInclude Include="sources\zconf.in.h">
      <Filter>Header Files</Filter>
    </ClInclude>
    <ClInclude Include="sources\zlib.h">
      <Filter>Header Files</Filter>
    </ClInclude>
    <ClInclude Include="sources\zutil.h">
      <Filter>Header Files</Filter>
    </ClInclude>
  </ItemGroup>
</Project>