<?xml version="1.0" encoding="utf-8"?>
<Project ToolsVersion="4.0" xmlns="http://schemas.microsoft.com/developer/msbuild/2003">
  <ItemGroup>
    <Filter Include="Header Files">
      <UniqueIdentifier>{93995380-89BD-4b04-88EB-625FBE52EBFB}</UniqueIdentifier>
      <Extensions>h;hpp;hxx;hm;inl;inc;xsd</Extensions>
    </Filter>
    <Filter Include="Source Files">
      <UniqueIdentifier>{4FC737F1-C7A5-4376-A066-2A32D752A2FF}</UniqueIdentifier>
      <Extensions>cpp;c;cxx;def;odl;idl;hpj;bat;asm;asmx</Extensions>
    </Filter>
  </ItemGroup>
  <ItemGroup>
    <ClCompile Include="lib3ds\atmosphere.c">
      <Filter>Source Files</Filter>
    </ClCompile>
    <ClCompile Include="lib3ds\background.c">
      <Filter>Source Files</Filter>
    </ClCompile>
    <ClCompile Include="lib3ds\camera.c">
      <Filter>Source Files</Filter>
    </ClCompile>
    <ClCompile Include="lib3ds\chunk.c">
      <Filter>Source Files</Filter>
    </ClCompile>
    <ClCompile Include="lib3ds\ease.c">
      <Filter>Source Files</Filter>
    </ClCompile>
    <ClCompile Include="lib3ds\file.c">
      <Filter>Source Files</Filter>
    </ClCompile>
    <ClCompile Include="lib3ds\io.c">
      <Filter>Source Files</Filter>
    </ClCompile>
    <ClCompile Include="lib3ds\light.c">
      <Filter>Source Files</Filter>
    </ClCompile>
    <ClCompile Include="lib3ds\material.c">
      <Filter>Source Files</Filter>
    </ClCompile>
    <ClCompile Include="lib3ds\matrix.c">
      <Filter>Source Files</Filter>
    </ClCompile>
    <ClCompile Include="lib3ds\mesh.c">
      <Filter>Source Files</Filter>
    </ClCompile>
    <ClCompile Include="lib3ds\node.c">
      <Filter>Source Files</Filter>
    </ClCompile>
    <ClCompile Include="lib3ds\quat.c">
      <Filter>Source Files</Filter>
    </ClCompile>
    <ClCompile Include="lib3ds\shadow.c">
      <Filter>Source Files</Filter>
    </ClCompile>
    <ClCompile Include="lib3ds\tcb.c">
      <Filter>Source Files</Filter>
    </ClCompile>
    <ClCompile Include="lib3ds\tracks.c">
      <Filter>Source Files</Filter>
    </ClCompile>
    <ClCompile Include="lib3ds\vector.c">
      <Filter>Source Files</Filter>
    </ClCompile>
    <ClCompile Include="lib3ds\viewport.c">
      <Filter>Source Files</Filter>
    </ClCompile>
  </ItemGroup>
  <ItemGroup>
    <ClInclude Include="lib3ds\atmosphere.h">
      <Filter>Header Files</Filter>
    </ClInclude>
    <ClInclude Include="lib3ds\background.h">
      <Filter>Header Files</Filter>
    </ClInclude>
    <ClInclude Include="lib3ds\camera.h">
      <Filter>Header Files</Filter>
    </ClInclude>
    <ClInclude Include="lib3ds\chunk.h">
      <Filter>Header Files</Filter>
    </ClInclude>
    <ClInclude Include="lib3ds\chunktable.h">
      <Filter>Header Files</Filter>
    </ClInclude>
    <ClInclude Include="lib3ds\ease.h">
      <Filter>Header Files</Filter>
    </ClInclude>
    <ClInclude Include="lib3ds\file.h">
      <Filter>Header Files</Filter>
    </ClInclude>
    <ClInclude Include="lib3ds\io.h">
      <Filter>Header Files</Filter>
    </ClInclude>
    <ClInclude Include="lib3ds\light.h">
      <Filter>Header Files</Filter>
    </ClInclude>
    <ClInclude Include="lib3ds\material.h">
      <Filter>Header Files</Filter>
    </ClInclude>
    <ClInclude Include="lib3ds\matrix.h">
      <Filter>Header Files</Filter>
    </ClInclude>
    <ClInclude Include="lib3ds\mesh.h">
      <Filter>Header Files</Filter>
    </ClInclude>
    <ClInclude Include="lib3ds\node.h">
      <Filter>Header Files</Filter>
    </ClInclude>
    <ClInclude Include="lib3ds\quat.h">
      <Filter>Header Files</Filter>
    </ClInclude>
    <ClInclude Include="lib3ds\shadow.h">
      <Filter>Header Files</Filter>
    </ClInclude>
    <ClInclude Include="lib3ds\tcb.h">
      <Filter>Header Files</Filter>
    </ClInclude>
    <ClInclude Include="lib3ds\tracks.h">
      <Filter>Header Files</Filter>
    </ClInclude>
    <ClInclude Include="lib3ds\types.h">
      <Filter>Header Files</Filter>
    </ClInclude>
    <ClInclude Include="lib3ds\vector.h">
      <Filter>Header Files</Filter>
    </ClInclude>
    <ClInclude Include="lib3ds\viewport.h">
      <Filter>Header Files</Filter>
    </ClInclude>
  </ItemGroup>
</Project>